// !$*UTF8*$!
{
	archiveVersion = 1;
	classes = {
	};
	objectVersion = 50;
	objects = {

/* Begin PBXBuildFile section */
		94F74B6922E7FCA000195F15 /* AppDelegate.m in Sources */ = {isa = PBXBuildFile; fileRef = 94F74B6822E7FCA000195F15 /* AppDelegate.m */; };
		94F74B6C22E7FCA000195F15 /* ViewController.m in Sources */ = {isa = PBXBuildFile; fileRef = 94F74B6B22E7FCA000195F15 /* ViewController.m */; };
		94F74B6F22E7FCA000195F15 /* Main.storyboard in Resources */ = {isa = PBXBuildFile; fileRef = 94F74B6D22E7FCA000195F15 /* Main.storyboard */; };
		94F74B7122E7FCA100195F15 /* Assets.xcassets in Resources */ = {isa = PBXBuildFile; fileRef = 94F74B7022E7FCA100195F15 /* Assets.xcassets */; };
		94F74B7422E7FCA100195F15 /* LaunchScreen.storyboard in Resources */ = {isa = PBXBuildFile; fileRef = 94F74B7222E7FCA100195F15 /* LaunchScreen.storyboard */; };
		94F74B7722E7FCA100195F15 /* main.m in Sources */ = {isa = PBXBuildFile; fileRef = 94F74B7622E7FCA100195F15 /* main.m */; };
/* End PBXBuildFile section */

/* Begin PBXFileReference section */
		94F74B6422E7FCA000195F15 /* TestDecoupleDemo.app */ = {isa = PBXFileReference; explicitFileType = wrapper.application; includeInIndex = 0; path = TestDecoupleDemo.app; sourceTree = BUILT_PRODUCTS_DIR; };
		94F74B6722E7FCA000195F15 /* AppDelegate.h */ = {isa = PBXFileReference; lastKnownFileType = sourcecode.c.h; path = AppDelegate.h; sourceTree = "<group>"; };
		94F74B6822E7FCA000195F15 /* AppDelegate.m */ = {isa = PBXFileReference; lastKnownFileType = sourcecode.c.objc; path = AppDelegate.m; sourceTree = "<group>"; };
		94F74B6A22E7FCA000195F15 /* ViewController.h */ = {isa = PBXFileReference; lastKnownFileType = sourcecode.c.h; path = ViewController.h; sourceTree = "<group>"; };
		94F74B6B22E7FCA000195F15 /* ViewController.m */ = {isa = PBXFileReference; lastKnownFileType = sourcecode.c.objc; path = ViewController.m; sourceTree = "<group>"; };
		94F74B6E22E7FCA000195F15 /* Base */ = {isa = PBXFileReference; lastKnownFileType = file.storyboard; name = Base; path = Base.lproj/Main.storyboard; sourceTree = "<group>"; };
		94F74B7022E7FCA100195F15 /* Assets.xcassets */ = {isa = PBXFileReference; lastKnownFileType = folder.assetcatalog; path = Assets.xcassets; sourceTree = "<group>"; };
		94F74B7322E7FCA100195F15 /* Base */ = {isa = PBXFileReference; lastKnownFileType = file.storyboard; name = Base; path = Base.lproj/LaunchScreen.storyboard; sourceTree = "<group>"; };
		94F74B7522E7FCA100195F15 /* Info.plist */ = {isa = PBXFileReference; lastKnownFileType = text.plist.xml; path = Info.plist; sourceTree = "<group>"; };
		94F74B7622E7FCA100195F15 /* main.m */ = {isa = PBXFileReference; lastKnownFileType = sourcecode.c.objc; path = main.m; sourceTree = "<group>"; };
/* End PBXFileReference section */

/* Begin PBXFrameworksBuildPhase section */
		94F74B6122E7FCA000195F15 /* Frameworks */ = {
			isa = PBXFrameworksBuildPhase;
			buildActionMask = 2147483647;
			files = (
			);
			runOnlyForDeploymentPostprocessing = 0;
		};
/* End PBXFrameworksBuildPhase section */

/* Begin PBXGroup section */
		94F74B5B22E7FCA000195F15 = {
			isa = PBXGroup;
			children = (
				94F74B6622E7FCA000195F15 /* TestDecoupleDemo */,
				94F74B6522E7FCA000195F15 /* Products */,
			);
			sourceTree = "<group>";
		};
		94F74B6522E7FCA000195F15 /* Products */ = {
			isa = PBXGroup;
			children = (
				94F74B6422E7FCA000195F15 /* TestDecoupleDemo.app */,
			);
			name = Products;
			sourceTree = "<group>";
		};
		94F74B6622E7FCA000195F15 /* TestDecoupleDemo */ = {
			isa = PBXGroup;
			children = (
				94F74B6722E7FCA000195F15 /* AppDelegate.h */,
				94F74B6822E7FCA000195F15 /* AppDelegate.m */,
				94F74B6A22E7FCA000195F15 /* ViewController.h */,
				94F74B6B22E7FCA000195F15 /* ViewController.m */,
				94F74B6D22E7FCA000195F15 /* Main.storyboard */,
				94F74B7022E7FCA100195F15 /* Assets.xcassets */,
				94F74B7222E7FCA100195F15 /* LaunchScreen.storyboard */,
				94F74B7522E7FCA100195F15 /* Info.plist */,
				94F74B7622E7FCA100195F15 /* main.m */,
			);
			path = TestDecoupleDemo;
			sourceTree = "<group>";
		};
/* End PBXGroup section */

/* Begin PBXNativeTarget section */
		94F74B6322E7FCA000195F15 /* TestDecoupleDemo */ = {
			isa = PBXNativeTarget;
			buildConfigurationList = 94F74B7A22E7FCA100195F15 /* Build configuration list for PBXNativeTarget "TestDecoupleDemo" */;
			buildPhases = (
				94F74B6022E7FCA000195F15 /* Sources */,
				94F74B6122E7FCA000195F15 /* Frameworks */,
				94F74B6222E7FCA000195F15 /* Resources */,
			);
			buildRules = (
			);
			dependencies = (
			);
			name = TestDecoupleDemo;
			productName = TestDecoupleDemo;
			productReference = 94F74B6422E7FCA000195F15 /* TestDecoupleDemo.app */;
			productType = "com.apple.product-type.application";
		};
/* End PBXNativeTarget section */

/* Begin PBXProject section */
		94F74B5C22E7FCA000195F15 /* Project object */ = {
			isa = PBXProject;
			attributes = {
				LastUpgradeCheck = 1030;
				ORGANIZATIONNAME = ShanYuQin;
				TargetAttributes = {
					94F74B6322E7FCA000195F15 = {
						CreatedOnToolsVersion = 10.3;
					};
				};
			};
			buildConfigurationList = 94F74B5F22E7FCA000195F15 /* Build configuration list for PBXProject "TestDecoupleDemo" */;
			compatibilityVersion = "Xcode 9.3";
			developmentRegion = en;
			hasScannedForEncodings = 0;
			knownRegions = (
				en,
				Base,
			);
			mainGroup = 94F74B5B22E7FCA000195F15;
			productRefGroup = 94F74B6522E7FCA000195F15 /* Products */;
			projectDirPath = "";
			projectRoot = "";
			targets = (
				94F74B6322E7FCA000195F15 /* TestDecoupleDemo */,
			);
		};
/* End PBXProject section */

/* Begin PBXResourcesBuildPhase section */
		94F74B6222E7FCA000195F15 /* Resources */ = {
			isa = PBXResourcesBuildPhase;
			buildActionMask = 2147483647;
			files = (
				94F74B7422E7FCA100195F15 /* LaunchScreen.storyboard in Resources */,
				94F74B7122E7FCA100195F15 /* Assets.xcassets in Resources */,
				94F74B6F22E7FCA000195F15 /* Main.storyboard in Resources */,
			);
			runOnlyForDeploymentPostprocessing = 0;
		};
/* End PBXResourcesBuildPhase section */

/* Begin PBXSourcesBuildPhase section */
		94F74B6022E7FCA000195F15 /* Sources */ = {
			isa = PBXSourcesBuildPhase;
			buildActionMask = 2147483647;
			files = (
				94F74B6C22E7FCA000195F15 /* ViewController.m in Sources */,
				94F74B7722E7FCA100195F15 /* main.m in Sources */,
				94F74B6922E7FCA000195F15 /* AppDelegate.m in Sources */,
			);
			runOnlyForDeploymentPostprocessing = 0;
		};
/* End PBXSourcesBuildPhase section */

/* Begin PBXVariantGroup section */
		94F74B6D22E7FCA000195F15 /* Main.storyboard */ = {
			isa = PBXVariantGroup;
			children = (
				94F74B6E22E7FCA000195F15 /* Base */,
			);
			name = Main.storyboard;
			sourceTree = "<group>";
		};
		94F74B7222E7FCA100195F15 /* LaunchScreen.storyboard */ = {
			isa = PBXVariantGroup;
			children = (
				94F74B7322E7FCA100195F15 /* Base */,
			);
			name = LaunchScreen.storyboard;
			sourceTree = "<group>";
		};
/* End PBXVariantGroup section */

/* Begin XCBuildConfiguration section */
		94F74B7822E7FCA100195F15 /* Debug */ = {
			isa = XCBuildConfiguration;
			buildSettings = {
				ALWAYS_SEARCH_USER_PATHS = NO;
				CLANG_ANALYZER_NONNULL = YES;
				CLANG_ANALYZER_NUMBER_OBJECT_CONVERSION = YES_AGGRESSIVE;
				CLANG_CXX_LANGUAGE_STANDARD = "gnu++14";
				CLANG_CXX_LIBRARY = "libc++";
				CLANG_ENABLE_MODULES = YES;
				CLANG_ENABLE_OBJC_ARC = YES;
				CLANG_ENABLE_OBJC_WEAK = YES;
				CLANG_WARN_BLOCK_CAPTURE_AUTORELEASING = YES;
				CLANG_WARN_BOOL_CONVERSION = YES;
				CLANG_WARN_COMMA = YES;
				CLANG_WARN_CONSTANT_CONVERSION = YES;
				CLANG_WARN_DEPRECATED_OBJC_IMPLEMENTATIONS = YES;
				CLANG_WARN_DIRECT_OBJC_ISA_USAGE = YES_ERROR;
				CLANG_WARN_DOCUMENTATION_COMMENTS = YES;
				CLANG_WARN_EMPTY_BODY = YES;
				CLANG_WARN_ENUM_CONVERSION = YES;
				CLANG_WARN_INFINITE_RECURSION = YES;
				CLANG_WARN_INT_CONVERSION = YES;
				CLANG_WARN_NON_LITERAL_NULL_CONVERSION = YES;
				CLANG_WARN_OBJC_IMPLICIT_RETAIN_SELF = YES;
				CLANG_WARN_OBJC_LITERAL_CONVERSION = YES;
				CLANG_WARN_OBJC_ROOT_CLASS = YES_ERROR;
				CLANG_WARN_RANGE_LOOP_ANALYSIS = YES;
				CLANG_WARN_STRICT_PROTOTYPES = YES;
				CLANG_WARN_SUSPICIOUS_MOVE = YES;
				CLANG_WARN_UNGUARDED_AVAILABILITY = YES_AGGRESSIVE;
				CLANG_WARN_UNREACHABLE_CODE = YES;
				CLANG_WARN__DUPLICATE_METHOD_MATCH = YES;
				CODE_SIGN_IDENTITY = "iPhone Developer";
				COPY_PHASE_STRIP = NO;
				DEBUG_INFORMATION_FORMAT = dwarf;
				ENABLE_STRICT_OBJC_MSGSEND = YES;
				ENABLE_TESTABILITY = YES;
				GCC_C_LANGUAGE_STANDARD = gnu11;
				GCC_DYNAMIC_NO_PIC = NO;
				GCC_NO_COMMON_BLOCKS = YES;
				GCC_OPTIMIZATION_LEVEL = 0;
				GCC_PREPROCESSOR_DEFINITIONS = (
					"DEBUG=1",
					"$(inherited)",
				);
				GCC_WARN_64_TO_32_BIT_CONVERSION = YES;
				GCC_WARN_ABOUT_RETURN_TYPE = YES_ERROR;
				GCC_WARN_UNDECLARED_SELECTOR = YES;
				GCC_WARN_UNINITIALIZED_AUTOS = YES_AGGRESSIVE;
				GCC_WARN_UNUSED_FUNCTION = YES;
				GCC_WARN_UNUSED_VARIABLE = YES;
				IPHONEOS_DEPLOYMENT_TARGET = 12.4;
				MTL_ENABLE_DEBUG_INFO = INCLUDE_SOURCE;
				MTL_FAST_MATH = YES;
				ONLY_ACTIVE_ARCH = YES;
				SDKROOT = iphoneos;
			};
			name = Debug;
		};
		94F74B7922E7FCA100195F15 /* Release */ = {
			isa = XCBuildConfiguration;
			buildSettings = {
				ALWAYS_SEARCH_USER_PATHS = NO;
				CLANG_ANALYZER_NONNULL = YES;
				CLANG_ANALYZER_NUMBER_OBJECT_CONVERSION = YES_AGGRESSIVE;
				CLANG_CXX_LANGUAGE_STANDARD = "gnu++14";
				CLANG_CXX_LIBRARY = "libc++";
				CLANG_ENABLE_MODULES = YES;
				CLANG_ENABLE_OBJC_ARC = YES;
				CLANG_ENABLE_OBJC_WEAK = YES;
				CLANG_WARN_BLOCK_CAPTURE_AUTORELEASING = YES;
				CLANG_WARN_BOOL_CONVERSION = YES;
				CLANG_WARN_COMMA = YES;
				CLANG_WARN_CONSTANT_CONVERSION = YES;
				CLANG_WARN_DEPRECATED_OBJC_IMPLEMENTATIONS = YES;
				CLANG_WARN_DIRECT_OBJC_ISA_USAGE = YES_ERROR;
				CLANG_WARN_DOCUMENTATION_COMMENTS = YES;
				CLANG_WARN_EMPTY_BODY = YES;
				CLANG_WARN_ENUM_CONVERSION = YES;
				CLANG_WARN_INFINITE_RECURSION = YES;
				CLANG_WARN_INT_CONVERSION = YES;
				CLANG_WARN_NON_LITERAL_NULL_CONVERSION = YES;
				CLANG_WARN_OBJC_IMPLICIT_RETAIN_SELF = YES;
				CLANG_WARN_OBJC_LITERAL_CONVERSION = YES;
				CLANG_WARN_OBJC_ROOT_CLASS = YES_ERROR;
				CLANG_WARN_RANGE_LOOP_ANALYSIS = YES;
				CLANG_WARN_STRICT_PROTOTYPES = YES;
				CLANG_WARN_SUSPICIOUS_MOVE = YES;
				CLANG_WARN_UNGUARDED_AVAILABILITY = YES_AGGRESSIVE;
				CLANG_WARN_UNREACHABLE_CODE = YES;
				CLANG_WARN__DUPLICATE_METHOD_MATCH = YES;
				CODE_SIGN_IDENTITY = "iPhone Developer";
				COPY_PHASE_STRIP = NO;
				DEBUG_INFORMATION_FORMAT = "dwarf-with-dsym";
				ENABLE_NS_ASSERTIONS = NO;
				ENABLE_STRICT_OBJC_MSGSEND = YES;
				GCC_C_LANGUAGE_STANDARD = gnu11;
				GCC_NO_COMMON_BLOCKS = YES;
				GCC_WARN_64_TO_32_BIT_CONVERSION = YES;
				GCC_WARN_ABOUT_RETURN_TYPE = YES_ERROR;
				GCC_WARN_UNDECLARED_SELECTOR = YES;
				GCC_WARN_UNINITIALIZED_AUTOS = YES_AGGRESSIVE;
				GCC_WARN_UNUSED_FUNCTION = YES;
				GCC_WARN_UNUSED_VARIABLE = YES;
				IPHONEOS_DEPLOYMENT_TARGET = 12.4;
				MTL_ENABLE_DEBUG_INFO = NO;
				MTL_FAST_MATH = YES;
				SDKROOT = iphoneos;
				VALIDATE_PRODUCT = YES;
			};
			name = Release;
		};
		94F74B7B22E7FCA100195F15 /* Debug */ = {
			isa = XCBuildConfiguration;
			buildSettings = {
				ASSETCATALOG_COMPILER_APPICON_NAME = AppIcon;
				CODE_SIGN_STYLE = Automatic;
				DEVELOPMENT_TEAM = 987562LZCJ;
				INFOPLIST_FILE = TestDecoupleDemo/Info.plist;
				LD_RUNPATH_SEARCH_PATHS = (
					"$(inherited)",
					"@executable_path/Frameworks",
				);
				PRODUCT_BUNDLE_IDENTIFIER = com.shanyuqin.TestDecoupleDemo;
				PRODUCT_NAME = "$(TARGET_NAME)";
				TARGETED_DEVICE_FAMILY = "1,2";
			};
			name = Debug;
		};
		94F74B7C22E7FCA100195F15 /* Release */ = {
			isa = XCBuildConfiguration;
			buildSettings = {
				ASSETCATALOG_COMPILER_APPICON_NAME = AppIcon;
				CODE_SIGN_STYLE = Automatic;
				DEVELOPMENT_TEAM = 987562LZCJ;
				INFOPLIST_FILE = TestDecoupleDemo/Info.plist;
				LD_RUNPATH_SEARCH_PATHS = (
					"$(inherited)",
					"@executable_path/Frameworks",
				);
				PRODUCT_BUNDLE_IDENTIFIER = com.shanyuqin.TestDecoupleDemo;
				PRODUCT_NAME = "$(TARGET_NAME)";
				TARGETED_DEVICE_FAMILY = "1,2";
			};
			name = Release;
		};
/* End XCBuildConfiguration section */

/* Begin XCConfigurationList section */
		94F74B5F22E7FCA000195F15 /* Build configuration list for PBXProject "TestDecoupleDemo" */ = {
			isa = XCConfigurationList;
			buildConfigurations = (
				94F74B7822E7FCA100195F15 /* Debug */,
				94F74B7922E7FCA100195F15 /* Release */,
			);
			defaultConfigurationIsVisible = 0;
			defaultConfigurationName = Release;
		};
		94F74B7A22E7FCA100195F15 /* Build configuration list for PBXNativeTarget "TestDecoupleDemo" */ = {
			isa = XCConfigurationList;
			buildConfigurations = (
				94F74B7B22E7FCA100195F15 /* Debug */,
				94F74B7C22E7FCA100195F15 /* Release */,
			);
			defaultConfigurationIsVisible = 0;
			defaultConfigurationName = Release;
		};
/* End XCConfigurationList section */
	};
	rootObject = 94F74B5C22E7FCA000195F15 /* Project object */;
}
